
Microsoft Visual Studio Solution File, Format Version 12.00
# Visual Studio 15
Project("{FAE04EC0-301F-11D3-BF4B-00C04F79EFBC}") = "CursoMVC", "CursoMVC.csproj", "{BB0915A3-A95E-4BB1-A7F8-847DF20F3FFA}"
EndProject
Global
	GlobalSection(SolutionConfigurationPlatforms) = preSolution
		Debug|Any CPU = Debug|Any CPU
		Release|Any CPU = Release|Any CPU
	EndGlobalSection
	GlobalSection(ProjectConfigurationPlatforms) = postSolution
		{BB0915A3-A95E-4BB1-A7F8-847DF20F3FFA}.Debug|Any CPU.ActiveCfg = Debug|Any CPU
		{BB0915A3-A95E-4BB1-A7F8-847DF20F3FFA}.Debug|Any CPU.Build.0 = Debug|Any CPU
		{BB0915A3-A95E-4BB1-A7F8-847DF20F3FFA}.Release|Any CPU.ActiveCfg = Release|Any CPU
		{BB0915A3-A95E-4BB1-A7F8-847DF20F3FFA}.Release|Any CPU.Build.0 = Release|Any CPU
	EndGlobalSection
EndGlobal
